
Microsoft Visual Studio Solution File, Format Version 12.00
# Visual Studio Version 16
VisualStudioVersion = 16.0.31019.35
MinimumVisualStudioVersion = 10.0.40219.1
Project("{FAE04EC0-301F-11D3-BF4B-00C04F79EFBC}") = "Application1", "Application1\Application1.csproj", "{71ADF497-5260-4B3F-8210-8D0EB78974B1}"
EndProject
Project("{FAE04EC0-301F-11D3-BF4B-00C04F79EFBC}") = "Application2", "Application2\Application2.csproj", "{4D06C161-2975-44DC-A650-8783BF0843A8}"
EndProject
Global
	GlobalSection(SolutionConfigurationPlatforms) = preSolution
		Debug|Any CPU = Debug|Any CPU
		Release|Any CPU = Release|Any CPU
	EndGlobalSection
	GlobalSection(ProjectConfigurationPlatforms) = postSolution
		{71ADF497-5260-4B3F-8210-8D0EB78974B1}.Debug|Any CPU.ActiveCfg = Debug|Any CPU
		{71ADF497-5260-4B3F-8210-8D0EB78974B1}.Debug|Any CPU.Build.0 = Debug|Any CPU
		{71ADF497-5260-4B3F-8210-8D0EB78974B1}.Release|Any CPU.ActiveCfg = Release|Any CPU
		{71ADF497-5260-4B3F-8210-8D0EB78974B1}.Release|Any CPU.Build.0 = Release|Any CPU
		{4D06C161-2975-44DC-A650-8783BF0843A8}.Debug|Any CPU.ActiveCfg = Debug|Any CPU
		{4D06C161-2975-44DC-A650-8783BF0843A8}.Debug|Any CPU.Build.0 = Debug|Any CPU
		{4D06C161-2975-44DC-A650-8783BF0843A8}.Release|Any CPU.ActiveCfg = Release|Any CPU
		{4D06C161-2975-44DC-A650-8783BF0843A8}.Release|Any CPU.Build.0 = Release|Any CPU
	EndGlobalSection
	GlobalSection(SolutionProperties) = preSolution
		HideSolutionNode = FALSE
	EndGlobalSection
	GlobalSection(ExtensibilityGlobals) = postSolution
		SolutionGuid = {C87E3089-F9D7-45DD-A4D8-66D632D7AF7F}
	EndGlobalSection
EndGlobal
